
Microsoft Visual Studio Solution File, Format Version 12.00
# Visual Studio Version 17
VisualStudioVersion = 17.0.31903.59
MinimumVisualStudioVersion = 10.0.40219.1
Project("{2150E333-8FDC-42A3-9474-1A3956D46DE8}") = "src", "src", "{F86F7A98-F514-4CE2-8811-D39077FF82E6}"
EndProject
Project("{FAE04EC0-301F-11D3-BF4B-00C04F79EFBC}") = "EasySave.UI", "src\EasySave.UI\EasySave.UI.csproj", "{D51E5DDC-9716-4E93-B1B5-CCA00D0695C5}"
EndProject
Project("{FAE04EC0-301F-11D3-BF4B-00C04F79EFBC}") = "EasySave.Core", "src\EasySave.Core\EasySave.Core.csproj", "{8A70210F-DB24-4971-8A71-6F3AF451790D}"
EndProject
Project("{FAE04EC0-301F-11D3-BF4B-00C04F79EFBC}") = "EasySave.Log", "src\EasySave.Log\EasySave.Log.csproj", "{7CF21932-2C6C-4284-BED7-179045624E25}"
EndProject
Project("{FAE04EC0-301F-11D3-BF4B-00C04F79EFBC}") = "EasySave.Application", "src\EasySave.Application\EasySave.Application.csproj", "{D6E0C7DD-1FFB-44D1-AD24-BD5FDE4B101C}"
EndProject
Project("{FAE04EC0-301F-11D3-BF4B-00C04F79EFBC}") = "EasySave.Backup", "src\EasySave.Backup\EasySave.Backup.csproj", "{6CE0802C-B079-4BCF-BB70-F1DEE5217CA8}"
EndProject
Project("{FAE04EC0-301F-11D3-BF4B-00C04F79EFBC}") = "EasySave.Persistence", "src\EasySave.Persistence\EasySave.Persistence.csproj", "{3E741176-D2AE-4071-9384-C8F51EF71627}"
EndProject
Project("{FAE04EC0-301F-11D3-BF4B-00C04F79EFBC}") = "EasySave.Localization", "src\EasySave.Localization\EasySave.Localization.csproj", "{21F475BE-FB0F-460D-BD29-4800BC72917B}"
EndProject
Project("{FAE04EC0-301F-11D3-BF4B-00C04F79EFBC}") = "EasySave.Configuration", "src\EasySave.Configuration\EasySave.Configuration.csproj", "{9FC7805B-5667-471E-AAFA-E538C4F1240E}"
EndProject
Project("{FAE04EC0-301F-11D3-BF4B-00C04F79EFBC}") = "EasySave.System", "src\EasySave.System\EasySave.System.csproj", "{CA1E3AF3-4653-46E0-9183-541F5311D022}"
EndProject
Project("{FAE04EC0-301F-11D3-BF4B-00C04F79EFBC}") = "EasySave.State", "src\EasySave.State\EasySave.State.csproj", "{B805CC6E-EC1D-48D0-A836-1D761100D29A}"
EndProject
Project("{FAE04EC0-301F-11D3-BF4B-00C04F79EFBC}") = "EasyLog", "src\EasyLog\EasyLog.csproj", "{FDC2C1FD-B6E9-4459-94EE-6403A94A5235}"
EndProject
Project("{2150E333-8FDC-42A3-9474-1A3956D46DE8}") = "tests", "tests", "{A34B4EFA-18FB-4333-8AE7-F0307888FEED}"
EndProject
Project("{FAE04EC0-301F-11D3-BF4B-00C04F79EFBC}") = "EasyLog.Tests", "tests\EasyLog.Tests\EasyLog.Tests.csproj", "{F9544804-A347-4C8D-A305-3733CD16826F}"
EndProject
Project("{FAE04EC0-301F-11D3-BF4B-00C04F79EFBC}") = "EasySave.Backup.Tests", "tests\EasySave.Backup.Tests\EasySave.Backup.Tests.csproj", "{7A1FF8DD-2615-4F9A-9BD0-975E0ECC499A}"
EndProject
Project("{FAE04EC0-301F-11D3-BF4B-00C04F79EFBC}") = "EasySave.Application.Tests", "tests\EasySave.Application.Tests\EasySave.Application.Tests.csproj", "{3D90A88D-E945-4A96-A53D-58F741E2FF76}"
EndProject
Project("{FAE04EC0-301F-11D3-BF4B-00C04F79EFBC}") = "EasySave.State.Tests", "tests\EasySave.State.Tests\EasySave.State.Tests.csproj", "{C6B55246-D290-49BA-8794-FAA886E3B41B}"
EndProject
Project("{FAE04EC0-301F-11D3-BF4B-00C04F79EFBC}") = "EasySave.Persistence.Tests", "tests\EasySave.Persistence.Tests\EasySave.Persistence.Tests.csproj", "{D9957A78-70BA-49A5-8F2F-9AD984604DB5}"
EndProject
Project("{FAE04EC0-301F-11D3-BF4B-00C04F79EFBC}") = "EasySave.Localization.Tests", "tests\EasySave.Localization.Tests\EasySave.Localization.Tests.csproj", "{A78AC2C3-EF8A-4B4C-A443-9505FC4D905E}"
EndProject
Project("{FAE04EC0-301F-11D3-BF4B-00C04F79EFBC}") = "EasySave.Configuration.Tests", "tests\EasySave.Configuration.Tests\EasySave.Configuration.Tests.csproj", "{59561874-C3FA-49B0-A11C-40DDBD8BB89A}"
EndProject
Global
	GlobalSection(SolutionConfigurationPlatforms) = preSolution
		Debug|Any CPU = Debug|Any CPU
		Release|Any CPU = Release|Any CPU
	EndGlobalSection
	GlobalSection(SolutionProperties) = preSolution
		HideSolutionNode = FALSE
	EndGlobalSection
	GlobalSection(ProjectConfigurationPlatforms) = postSolution
		{D51E5DDC-9716-4E93-B1B5-CCA00D0695C5}.Debug|Any CPU.ActiveCfg = Debug|Any CPU
		{D51E5DDC-9716-4E93-B1B5-CCA00D0695C5}.Debug|Any CPU.Build.0 = Debug|Any CPU
		{D51E5DDC-9716-4E93-B1B5-CCA00D0695C5}.Release|Any CPU.ActiveCfg = Release|Any CPU
		{D51E5DDC-9716-4E93-B1B5-CCA00D0695C5}.Release|Any CPU.Build.0 = Release|Any CPU
		{8A70210F-DB24-4971-8A71-6F3AF451790D}.Debug|Any CPU.ActiveCfg = Debug|Any CPU
		{8A70210F-DB24-4971-8A71-6F3AF451790D}.Debug|Any CPU.Build.0 = Debug|Any CPU
		{8A70210F-DB24-4971-8A71-6F3AF451790D}.Release|Any CPU.ActiveCfg = Release|Any CPU
		{8A70210F-DB24-4971-8A71-6F3AF451790D}.Release|Any CPU.Build.0 = Release|Any CPU
		{7CF21932-2C6C-4284-BED7-179045624E25}.Debug|Any CPU.ActiveCfg = Debug|Any CPU
		{7CF21932-2C6C-4284-BED7-179045624E25}.Debug|Any CPU.Build.0 = Debug|Any CPU
		{7CF21932-2C6C-4284-BED7-179045624E25}.Release|Any CPU.ActiveCfg = Release|Any CPU
		{7CF21932-2C6C-4284-BED7-179045624E25}.Release|Any CPU.Build.0 = Release|Any CPU
		{D6E0C7DD-1FFB-44D1-AD24-BD5FDE4B101C}.Debug|Any CPU.ActiveCfg = Debug|Any CPU
		{D6E0C7DD-1FFB-44D1-AD24-BD5FDE4B101C}.Debug|Any CPU.Build.0 = Debug|Any CPU
		{D6E0C7DD-1FFB-44D1-AD24-BD5FDE4B101C}.Release|Any CPU.ActiveCfg = Release|Any CPU
		{D6E0C7DD-1FFB-44D1-AD24-BD5FDE4B101C}.Release|Any CPU.Build.0 = Release|Any CPU
		{6CE0802C-B079-4BCF-BB70-F1DEE5217CA8}.Debug|Any CPU.ActiveCfg = Debug|Any CPU
		{6CE0802C-B079-4BCF-BB70-F1DEE5217CA8}.Debug|Any CPU.Build.0 = Debug|Any CPU
		{6CE0802C-B079-4BCF-BB70-F1DEE5217CA8}.Release|Any CPU.ActiveCfg = Release|Any CPU
		{6CE0802C-B079-4BCF-BB70-F1DEE5217CA8}.Release|Any CPU.Build.0 = Release|Any CPU
		{3E741176-D2AE-4071-9384-C8F51EF71627}.Debug|Any CPU.ActiveCfg = Debug|Any CPU
		{3E741176-D2AE-4071-9384-C8F51EF71627}.Debug|Any CPU.Build.0 = Debug|Any CPU
		{3E741176-D2AE-4071-9384-C8F51EF71627}.Release|Any CPU.ActiveCfg = Release|Any CPU
		{3E741176-D2AE-4071-9384-C8F51EF71627}.Release|Any CPU.Build.0 = Release|Any CPU
		{21F475BE-FB0F-460D-BD29-4800BC72917B}.Debug|Any CPU.ActiveCfg = Debug|Any CPU
		{21F475BE-FB0F-460D-BD29-4800BC72917B}.Debug|Any CPU.Build.0 = Debug|Any CPU
		{21F475BE-FB0F-460D-BD29-4800BC72917B}.Release|Any CPU.ActiveCfg = Release|Any CPU
		{21F475BE-FB0F-460D-BD29-4800BC72917B}.Release|Any CPU.Build.0 = Release|Any CPU
		{9FC7805B-5667-471E-AAFA-E538C4F1240E}.Debug|Any CPU.ActiveCfg = Debug|Any CPU
		{9FC7805B-5667-471E-AAFA-E538C4F1240E}.Debug|Any CPU.Build.0 = Debug|Any CPU
		{9FC7805B-5667-471E-AAFA-E538C4F1240E}.Release|Any CPU.ActiveCfg = Release|Any CPU
		{9FC7805B-5667-471E-AAFA-E538C4F1240E}.Release|Any CPU.Build.0 = Release|Any CPU
		{CA1E3AF3-4653-46E0-9183-541F5311D022}.Debug|Any CPU.ActiveCfg = Debug|Any CPU
		{CA1E3AF3-4653-46E0-9183-541F5311D022}.Debug|Any CPU.Build.0 = Debug|Any CPU
		{CA1E3AF3-4653-46E0-9183-541F5311D022}.Release|Any CPU.ActiveCfg = Release|Any CPU
		{CA1E3AF3-4653-46E0-9183-541F5311D022}.Release|Any CPU.Build.0 = Release|Any CPU
		{B805CC6E-EC1D-48D0-A836-1D761100D29A}.Debug|Any CPU.ActiveCfg = Debug|Any CPU
		{B805CC6E-EC1D-48D0-A836-1D761100D29A}.Debug|Any CPU.Build.0 = Debug|Any CPU
		{B805CC6E-EC1D-48D0-A836-1D761100D29A}.Release|Any CPU.ActiveCfg = Release|Any CPU
		{B805CC6E-EC1D-48D0-A836-1D761100D29A}.Release|Any CPU.Build.0 = Release|Any CPU
		{FDC2C1FD-B6E9-4459-94EE-6403A94A5235}.Debug|Any CPU.ActiveCfg = Debug|Any CPU
		{FDC2C1FD-B6E9-4459-94EE-6403A94A5235}.Debug|Any CPU.Build.0 = Debug|Any CPU
		{FDC2C1FD-B6E9-4459-94EE-6403A94A5235}.Release|Any CPU.ActiveCfg = Release|Any CPU
		{FDC2C1FD-B6E9-4459-94EE-6403A94A5235}.Release|Any CPU.Build.0 = Release|Any CPU
		{F9544804-A347-4C8D-A305-3733CD16826F}.Debug|Any CPU.ActiveCfg = Debug|Any CPU
		{F9544804-A347-4C8D-A305-3733CD16826F}.Debug|Any CPU.Build.0 = Debug|Any CPU
		{F9544804-A347-4C8D-A305-3733CD16826F}.Release|Any CPU.ActiveCfg = Release|Any CPU
		{F9544804-A347-4C8D-A305-3733CD16826F}.Release|Any CPU.Build.0 = Release|Any CPU
		{7A1FF8DD-2615-4F9A-9BD0-975E0ECC499A}.Debug|Any CPU.ActiveCfg = Debug|Any CPU
		{7A1FF8DD-2615-4F9A-9BD0-975E0ECC499A}.Debug|Any CPU.Build.0 = Debug|Any CPU
		{7A1FF8DD-2615-4F9A-9BD0-975E0ECC499A}.Release|Any CPU.ActiveCfg = Release|Any CPU
		{7A1FF8DD-2615-4F9A-9BD0-975E0ECC499A}.Release|Any CPU.Build.0 = Release|Any CPU
		{3D90A88D-E945-4A96-A53D-58F741E2FF76}.Debug|Any CPU.ActiveCfg = Debug|Any CPU
		{3D90A88D-E945-4A96-A53D-58F741E2FF76}.Debug|Any CPU.Build.0 = Debug|Any CPU
		{3D90A88D-E945-4A96-A53D-58F741E2FF76}.Release|Any CPU.ActiveCfg = Release|Any CPU
		{3D90A88D-E945-4A96-A53D-58F741E2FF76}.Release|Any CPU.Build.0 = Release|Any CPU
		{C6B55246-D290-49BA-8794-FAA886E3B41B}.Debug|Any CPU.ActiveCfg = Debug|Any CPU
		{C6B55246-D290-49BA-8794-FAA886E3B41B}.Debug|Any CPU.Build.0 = Debug|Any CPU
		{C6B55246-D290-49BA-8794-FAA886E3B41B}.Release|Any CPU.ActiveCfg = Release|Any CPU
		{C6B55246-D290-49BA-8794-FAA886E3B41B}.Release|Any CPU.Build.0 = Release|Any CPU
		{D9957A78-70BA-49A5-8F2F-9AD984604DB5}.Debug|Any CPU.ActiveCfg = Debug|Any CPU
		{D9957A78-70BA-49A5-8F2F-9AD984604DB5}.Debug|Any CPU.Build.0 = Debug|Any CPU
		{D9957A78-70BA-49A5-8F2F-9AD984604DB5}.Release|Any CPU.ActiveCfg = Release|Any CPU
		{D9957A78-70BA-49A5-8F2F-9AD984604DB5}.Release|Any CPU.Build.0 = Release|Any CPU
		{A78AC2C3-EF8A-4B4C-A443-9505FC4D905E}.Debug|Any CPU.ActiveCfg = Debug|Any CPU
		{A78AC2C3-EF8A-4B4C-A443-9505FC4D905E}.Debug|Any CPU.Build.0 = Debug|Any CPU
		{A78AC2C3-EF8A-4B4C-A443-9505FC4D905E}.Release|Any CPU.ActiveCfg = Release|Any CPU
		{A78AC2C3-EF8A-4B4C-A443-9505FC4D905E}.Release|Any CPU.Build.0 = Release|Any CPU
		{59561874-C3FA-49B0-A11C-40DDBD8BB89A}.Debug|Any CPU.ActiveCfg = Debug|Any CPU
		{59561874-C3FA-49B0-A11C-40DDBD8BB89A}.Debug|Any CPU.Build.0 = Debug|Any CPU
		{59561874-C3FA-49B0-A11C-40DDBD8BB89A}.Release|Any CPU.ActiveCfg = Release|Any CPU
		{59561874-C3FA-49B0-A11C-40DDBD8BB89A}.Release|Any CPU.Build.0 = Release|Any CPU
	EndGlobalSection
	GlobalSection(NestedProjects) = preSolution
		{D51E5DDC-9716-4E93-B1B5-CCA00D0695C5} = {F86F7A98-F514-4CE2-8811-D39077FF82E6}
		{8A70210F-DB24-4971-8A71-6F3AF451790D} = {F86F7A98-F514-4CE2-8811-D39077FF82E6}
		{7CF21932-2C6C-4284-BED7-179045624E25} = {F86F7A98-F514-4CE2-8811-D39077FF82E6}
		{D6E0C7DD-1FFB-44D1-AD24-BD5FDE4B101C} = {F86F7A98-F514-4CE2-8811-D39077FF82E6}
		{6CE0802C-B079-4BCF-BB70-F1DEE5217CA8} = {F86F7A98-F514-4CE2-8811-D39077FF82E6}
		{3E741176-D2AE-4071-9384-C8F51EF71627} = {F86F7A98-F514-4CE2-8811-D39077FF82E6}
		{21F475BE-FB0F-460D-BD29-4800BC72917B} = {F86F7A98-F514-4CE2-8811-D39077FF82E6}
		{9FC7805B-5667-471E-AAFA-E538C4F1240E} = {F86F7A98-F514-4CE2-8811-D39077FF82E6}
		{CA1E3AF3-4653-46E0-9183-541F5311D022} = {F86F7A98-F514-4CE2-8811-D39077FF82E6}
		{B805CC6E-EC1D-48D0-A836-1D761100D29A} = {F86F7A98-F514-4CE2-8811-D39077FF82E6}
		{FDC2C1FD-B6E9-4459-94EE-6403A94A5235} = {F86F7A98-F514-4CE2-8811-D39077FF82E6}
		{F9544804-A347-4C8D-A305-3733CD16826F} = {A34B4EFA-18FB-4333-8AE7-F0307888FEED}
		{7A1FF8DD-2615-4F9A-9BD0-975E0ECC499A} = {A34B4EFA-18FB-4333-8AE7-F0307888FEED}
		{3D90A88D-E945-4A96-A53D-58F741E2FF76} = {A34B4EFA-18FB-4333-8AE7-F0307888FEED}
		{C6B55246-D290-49BA-8794-FAA886E3B41B} = {A34B4EFA-18FB-4333-8AE7-F0307888FEED}
		{D9957A78-70BA-49A5-8F2F-9AD984604DB5} = {A34B4EFA-18FB-4333-8AE7-F0307888FEED}
		{A78AC2C3-EF8A-4B4C-A443-9505FC4D905E} = {A34B4EFA-18FB-4333-8AE7-F0307888FEED}
		{59561874-C3FA-49B0-A11C-40DDBD8BB89A} = {A34B4EFA-18FB-4333-8AE7-F0307888FEED}
	EndGlobalSection
EndGlobal
